
Microsoft Visual Studio Solution File, Format Version 12.00
# Visual Studio Version 17
VisualStudioVersion = 17.0.32002.185
MinimumVisualStudioVersion = 10.0.40219.1
Project("{FAE04EC0-301F-11D3-BF4B-00C04F79EFBC}") = "Week2WinForm2", "Week2WinForm2.csproj", "{17A21CA0-2E16-4C74-A6BF-CEC41E1295FB}"
EndProject
Global
	GlobalSection(SolutionConfigurationPlatforms) = preSolution
		Debug|Any CPU = Debug|Any CPU
		Release|Any CPU = Release|Any CPU
	EndGlobalSection
	GlobalSection(ProjectConfigurationPlatforms) = postSolution
		{17A21CA0-2E16-4C74-A6BF-CEC41E1295FB}.Debug|Any CPU.ActiveCfg = Debug|Any CPU
		{17A21CA0-2E16-4C74-A6BF-CEC41E1295FB}.Debug|Any CPU.Build.0 = Debug|Any CPU
		{17A21CA0-2E16-4C74-A6BF-CEC41E1295FB}.Release|Any CPU.ActiveCfg = Release|Any CPU
		{17A21CA0-2E16-4C74-A6BF-CEC41E1295FB}.Release|Any CPU.Build.0 = Release|Any CPU
	EndGlobalSection
	GlobalSection(SolutionProperties) = preSolution
		HideSolutionNode = FALSE
	EndGlobalSection
	GlobalSection(ExtensibilityGlobals) = postSolution
		SolutionGuid = {CB3BC7A8-D8DD-4DD8-95FE-475DA1D50C10}
	EndGlobalSection
EndGlobal
